
Microsoft Visual Studio Solution File, Format Version 12.00
# Visual Studio Version 17
VisualStudioVersion = 17.0.31825.309
MinimumVisualStudioVersion = 10.0.40219.1
Project("{FAE04EC0-301F-11D3-BF4B-00C04F79EFBC}") = "MediatRPad", "MediatRPad\MediatRPad.csproj", "{6CD9F011-9C20-4176-9F9A-5470279DBF48}"
EndProject
Project("{FAE04EC0-301F-11D3-BF4B-00C04F79EFBC}") = "MediatRPadCore", "MediatRPadCore\MediatRPadCore.csproj", "{161AF236-4038-42C3-898C-221BEA9A9E1F}"
EndProject
Global
	GlobalSection(SolutionConfigurationPlatforms) = preSolution
		Debug|Any CPU = Debug|Any CPU
		Release|Any CPU = Release|Any CPU
	EndGlobalSection
	GlobalSection(ProjectConfigurationPlatforms) = postSolution
		{6CD9F011-9C20-4176-9F9A-5470279DBF48}.Debug|Any CPU.ActiveCfg = Debug|Any CPU
		{6CD9F011-9C20-4176-9F9A-5470279DBF48}.Debug|Any CPU.Build.0 = Debug|Any CPU
		{6CD9F011-9C20-4176-9F9A-5470279DBF48}.Release|Any CPU.ActiveCfg = Release|Any CPU
		{6CD9F011-9C20-4176-9F9A-5470279DBF48}.Release|Any CPU.Build.0 = Release|Any CPU
		{161AF236-4038-42C3-898C-221BEA9A9E1F}.Debug|Any CPU.ActiveCfg = Debug|Any CPU
		{161AF236-4038-42C3-898C-221BEA9A9E1F}.Debug|Any CPU.Build.0 = Debug|Any CPU
		{161AF236-4038-42C3-898C-221BEA9A9E1F}.Release|Any CPU.ActiveCfg = Release|Any CPU
		{161AF236-4038-42C3-898C-221BEA9A9E1F}.Release|Any CPU.Build.0 = Release|Any CPU
	EndGlobalSection
	GlobalSection(SolutionProperties) = preSolution
		HideSolutionNode = FALSE
	EndGlobalSection
	GlobalSection(ExtensibilityGlobals) = postSolution
		SolutionGuid = {3D76DD8C-1C74-4887-BE8C-204B139E8426}
	EndGlobalSection
EndGlobal
